// !$*UTF8*$!
{
	archiveVersion = 1;
	classes = {
	};
	objectVersion = 50;
	objects = {

/* Begin PBXBuildFile section */
		B42D06CF260576E100EF4F42 /* CalculatorButton.swift in Sources */ = {isa = PBXBuildFile; fileRef = B42D06CE260576E100EF4F42 /* CalculatorButton.swift */; };
		B42D06D2260576FF00EF4F42 /* CalculatorEnvironment.swift in Sources */ = {isa = PBXBuildFile; fileRef = B42D06D1260576FF00EF4F42 /* CalculatorEnvironment.swift */; };
		B42D06D62605783700EF4F42 /* CaculatorButtonView.swift in Sources */ = {isa = PBXBuildFile; fileRef = B42D06D52605783700EF4F42 /* CaculatorButtonView.swift */; };
		B4899B7226054057003B7851 /* CalculatorApp.swift in Sources */ = {isa = PBXBuildFile; fileRef = B4899B7126054057003B7851 /* CalculatorApp.swift */; };
		B4899B7426054057003B7851 /* CalculatorView.swift in Sources */ = {isa = PBXBuildFile; fileRef = B4899B7326054057003B7851 /* CalculatorView.swift */; };
		B4899B7626054058003B7851 /* Assets.xcassets in Resources */ = {isa = PBXBuildFile; fileRef = B4899B7526054058003B7851 /* Assets.xcassets */; };
		B4899B7926054058003B7851 /* Preview Assets.xcassets in Resources */ = {isa = PBXBuildFile; fileRef = B4899B7826054058003B7851 /* Preview Assets.xcassets */; };
		B4F597102607AAE4004D67F8 /* Window+Key.swift in Sources */ = {isa = PBXBuildFile; fileRef = B4F5970F2607AAE4004D67F8 /* Window+Key.swift */; };
		B4F597132607AB18004D67F8 /* Buttons.swift in Sources */ = {isa = PBXBuildFile; fileRef = B4F597122607AB18004D67F8 /* Buttons.swift */; };
		B4F6579C2606CA3100996E88 /* CalculatorView+ButtonMetrics.swift in Sources */ = {isa = PBXBuildFile; fileRef = B4F6579B2606CA3100996E88 /* CalculatorView+ButtonMetrics.swift */; };
/* End PBXBuildFile section */

/* Begin PBXFileReference section */
		B42D06CE260576E100EF4F42 /* CalculatorButton.swift */ = {isa = PBXFileReference; lastKnownFileType = sourcecode.swift; path = CalculatorButton.swift; sourceTree = "<group>"; };
		B42D06D1260576FF00EF4F42 /* CalculatorEnvironment.swift */ = {isa = PBXFileReference; lastKnownFileType = sourcecode.swift; path = CalculatorEnvironment.swift; sourceTree = "<group>"; };
		B42D06D52605783700EF4F42 /* CaculatorButtonView.swift */ = {isa = PBXFileReference; lastKnownFileType = sourcecode.swift; path = CaculatorButtonView.swift; sourceTree = "<group>"; };
		B4899B6E26054057003B7851 /* Calculator.app */ = {isa = PBXFileReference; explicitFileType = wrapper.application; includeInIndex = 0; path = Calculator.app; sourceTree = BUILT_PRODUCTS_DIR; };
		B4899B7126054057003B7851 /* CalculatorApp.swift */ = {isa = PBXFileReference; lastKnownFileType = sourcecode.swift; path = CalculatorApp.swift; sourceTree = "<group>"; };
		B4899B7326054057003B7851 /* CalculatorView.swift */ = {isa = PBXFileReference; lastKnownFileType = sourcecode.swift; path = CalculatorView.swift; sourceTree = "<group>"; };
		B4899B7526054058003B7851 /* Assets.xcassets */ = {isa = PBXFileReference; lastKnownFileType = folder.assetcatalog; path = Assets.xcassets; sourceTree = "<group>"; };
		B4899B7826054058003B7851 /* Preview Assets.xcassets */ = {isa = PBXFileReference; lastKnownFileType = folder.assetcatalog; path = "Preview Assets.xcassets"; sourceTree = "<group>"; };
		B4899B7A26054058003B7851 /* Info.plist */ = {isa = PBXFileReference; lastKnownFileType = text.plist.xml; path = Info.plist; sourceTree = "<group>"; };
		B4F5970F2607AAE4004D67F8 /* Window+Key.swift */ = {isa = PBXFileReference; lastKnownFileType = sourcecode.swift; path = "Window+Key.swift"; sourceTree = "<group>"; };
		B4F597122607AB18004D67F8 /* Buttons.swift */ = {isa = PBXFileReference; lastKnownFileType = sourcecode.swift; path = Buttons.swift; sourceTree = "<group>"; };
		B4F6579B2606CA3100996E88 /* CalculatorView+ButtonMetrics.swift */ = {isa = PBXFileReference; lastKnownFileType = sourcecode.swift; path = "CalculatorView+ButtonMetrics.swift"; sourceTree = "<group>"; };
/* End PBXFileReference section */

/* Begin PBXFrameworksBuildPhase section */
		B4899B6B26054057003B7851 /* Frameworks */ = {
			isa = PBXFrameworksBuildPhase;
			buildActionMask = 2147483647;
			files = (
			);
			runOnlyForDeploymentPostprocessing = 0;
		};
/* End PBXFrameworksBuildPhase section */

/* Begin PBXGroup section */
		B4899B6526054057003B7851 = {
			isa = PBXGroup;
			children = (
				B4899B7026054057003B7851 /* Calculator */,
				B4899B6F26054057003B7851 /* Products */,
			);
			sourceTree = "<group>";
		};
		B4899B6F26054057003B7851 /* Products */ = {
			isa = PBXGroup;
			children = (
				B4899B6E26054057003B7851 /* Calculator.app */,
			);
			name = Products;
			sourceTree = "<group>";
		};
		B4899B7026054057003B7851 /* Calculator */ = {
			isa = PBXGroup;
			children = (
				B4899B7126054057003B7851 /* CalculatorApp.swift */,
				B4899B7326054057003B7851 /* CalculatorView.swift */,
				B4F6579B2606CA3100996E88 /* CalculatorView+ButtonMetrics.swift */,
				B42D06D52605783700EF4F42 /* CaculatorButtonView.swift */,
				B42D06CE260576E100EF4F42 /* CalculatorButton.swift */,
				B4F597122607AB18004D67F8 /* Buttons.swift */,
				B42D06D1260576FF00EF4F42 /* CalculatorEnvironment.swift */,
				B4F5970F2607AAE4004D67F8 /* Window+Key.swift */,
				B4899B7526054058003B7851 /* Assets.xcassets */,
				B4899B7A26054058003B7851 /* Info.plist */,
				B4899B7726054058003B7851 /* Preview Content */,
			);
			path = Calculator;
			sourceTree = "<group>";
		};
		B4899B7726054058003B7851 /* Preview Content */ = {
			isa = PBXGroup;
			children = (
				B4899B7826054058003B7851 /* Preview Assets.xcassets */,
			);
			path = "Preview Content";
			sourceTree = "<group>";
		};
/* End PBXGroup section */

/* Begin PBXNativeTarget section */
		B4899B6D26054057003B7851 /* Calculator */ = {
			isa = PBXNativeTarget;
			buildConfigurationList = B4899B7D26054058003B7851 /* Build configuration list for PBXNativeTarget "Calculator" */;
			buildPhases = (
				B4899B6A26054057003B7851 /* Sources */,
				B4899B6B26054057003B7851 /* Frameworks */,
				B4899B6C26054057003B7851 /* Resources */,
			);
			buildRules = (
			);
			dependencies = (
			);
			name = Calculator;
			productName = Calculator;
			productReference = B4899B6E26054057003B7851 /* Calculator.app */;
			productType = "com.apple.product-type.application";
		};
/* End PBXNativeTarget section */

/* Begin PBXProject section */
		B4899B6626054057003B7851 /* Project object */ = {
			isa = PBXProject;
			attributes = {
				LastSwiftUpdateCheck = 1240;
				LastUpgradeCheck = 1240;
				TargetAttributes = {
					B4899B6D26054057003B7851 = {
						CreatedOnToolsVersion = 12.4;
					};
				};
			};
			buildConfigurationList = B4899B6926054057003B7851 /* Build configuration list for PBXProject "Calculator" */;
			compatibilityVersion = "Xcode 9.3";
			developmentRegion = en;
			hasScannedForEncodings = 0;
			knownRegions = (
				en,
				Base,
			);
			mainGroup = B4899B6526054057003B7851;
			productRefGroup = B4899B6F26054057003B7851 /* Products */;
			projectDirPath = "";
			projectRoot = "";
			targets = (
				B4899B6D26054057003B7851 /* Calculator */,
			);
		};
/* End PBXProject section */

/* Begin PBXResourcesBuildPhase section */
		B4899B6C26054057003B7851 /* Resources */ = {
			isa = PBXResourcesBuildPhase;
			buildActionMask = 2147483647;
			files = (
				B4899B7926054058003B7851 /* Preview Assets.xcassets in Resources */,
				B4899B7626054058003B7851 /* Assets.xcassets in Resources */,
			);
			runOnlyForDeploymentPostprocessing = 0;
		};
/* End PBXResourcesBuildPhase section */

/* Begin PBXSourcesBuildPhase section */
		B4899B6A26054057003B7851 /* Sources */ = {
			isa = PBXSourcesBuildPhase;
			buildActionMask = 2147483647;
			files = (
				B42D06D2260576FF00EF4F42 /* CalculatorEnvironment.swift in Sources */,
				B4899B7426054057003B7851 /* CalculatorView.swift in Sources */,
				B42D06D62605783700EF4F42 /* CaculatorButtonView.swift in Sources */,
				B42D06CF260576E100EF4F42 /* CalculatorButton.swift in Sources */,
				B4F6579C2606CA3100996E88 /* CalculatorView+ButtonMetrics.swift in Sources */,
				B4F597102607AAE4004D67F8 /* Window+Key.swift in Sources */,
				B4899B7226054057003B7851 /* CalculatorApp.swift in Sources */,
				B4F597132607AB18004D67F8 /* Buttons.swift in Sources */,
			);
			runOnlyForDeploymentPostprocessing = 0;
		};
/* End PBXSourcesBuildPhase section */

/* Begin XCBuildConfiguration section */
		B4899B7B26054058003B7851 /* Debug */ = {
			isa = XCBuildConfiguration;
			buildSettings = {
				ALWAYS_SEARCH_USER_PATHS = NO;
				CLANG_ANALYZER_NONNULL = YES;
				CLANG_ANALYZER_NUMBER_OBJECT_CONVERSION = YES_AGGRESSIVE;
				CLANG_CXX_LANGUAGE_STANDARD = "gnu++14";
				CLANG_CXX_LIBRARY = "libc++";
				CLANG_ENABLE_MODULES = YES;
				CLANG_ENABLE_OBJC_ARC = YES;
				CLANG_ENABLE_OBJC_WEAK = YES;
				CLANG_WARN_BLOCK_CAPTURE_AUTORELEASING = YES;
				CLANG_WARN_BOOL_CONVERSION = YES;
				CLANG_WARN_COMMA = YES;
				CLANG_WARN_CONSTANT_CONVERSION = YES;
				CLANG_WARN_DEPRECATED_OBJC_IMPLEMENTATIONS = YES;
				CLANG_WARN_DIRECT_OBJC_ISA_USAGE = YES_ERROR;
				CLANG_WARN_DOCUMENTATION_COMMENTS = YES;
				CLANG_WARN_EMPTY_BODY = YES;
				CLANG_WARN_ENUM_CONVERSION = YES;
				CLANG_WARN_INFINITE_RECURSION = YES;
				CLANG_WARN_INT_CONVERSION = YES;
				CLANG_WARN_NON_LITERAL_NULL_CONVERSION = YES;
				CLANG_WARN_OBJC_IMPLICIT_RETAIN_SELF = YES;
				CLANG_WARN_OBJC_LITERAL_CONVERSION = YES;
				CLANG_WARN_OBJC_ROOT_CLASS = YES_ERROR;
				CLANG_WARN_QUOTED_INCLUDE_IN_FRAMEWORK_HEADER = YES;
				CLANG_WARN_RANGE_LOOP_ANALYSIS = YES;
				CLANG_WARN_STRICT_PROTOTYPES = YES;
				CLANG_WARN_SUSPICIOUS_MOVE = YES;
				CLANG_WARN_UNGUARDED_AVAILABILITY = YES_AGGRESSIVE;
				CLANG_WARN_UNREACHABLE_CODE = YES;
				CLANG_WARN__DUPLICATE_METHOD_MATCH = YES;
				COPY_PHASE_STRIP = NO;
				DEBUG_INFORMATION_FORMAT = dwarf;
				ENABLE_STRICT_OBJC_MSGSEND = YES;
				ENABLE_TESTABILITY = YES;
				GCC_C_LANGUAGE_STANDARD = gnu11;
				GCC_DYNAMIC_NO_PIC = NO;
				GCC_NO_COMMON_BLOCKS = YES;
				GCC_OPTIMIZATION_LEVEL = 0;
				GCC_PREPROCESSOR_DEFINITIONS = (
					"DEBUG=1",
					"$(inherited)",
				);
				GCC_WARN_64_TO_32_BIT_CONVERSION = YES;
				GCC_WARN_ABOUT_RETURN_TYPE = YES_ERROR;
				GCC_WARN_UNDECLARED_SELECTOR = YES;
				GCC_WARN_UNINITIALIZED_AUTOS = YES_AGGRESSIVE;
				GCC_WARN_UNUSED_FUNCTION = YES;
				GCC_WARN_UNUSED_VARIABLE = YES;
				IPHONEOS_DEPLOYMENT_TARGET = 14.4;
				MTL_ENABLE_DEBUG_INFO = INCLUDE_SOURCE;
				MTL_FAST_MATH = YES;
				ONLY_ACTIVE_ARCH = YES;
				SDKROOT = iphoneos;
				SWIFT_ACTIVE_COMPILATION_CONDITIONS = DEBUG;
				SWIFT_OPTIMIZATION_LEVEL = "-Onone";
			};
			name = Debug;
		};
		B4899B7C26054058003B7851 /* Release */ = {
			isa = XCBuildConfiguration;
			buildSettings = {
				ALWAYS_SEARCH_USER_PATHS = NO;
				CLANG_ANALYZER_NONNULL = YES;
				CLANG_ANALYZER_NUMBER_OBJECT_CONVERSION = YES_AGGRESSIVE;
				CLANG_CXX_LANGUAGE_STANDARD = "gnu++14";
				CLANG_CXX_LIBRARY = "libc++";
				CLANG_ENABLE_MODULES = YES;
				CLANG_ENABLE_OBJC_ARC = YES;
				CLANG_ENABLE_OBJC_WEAK = YES;
				CLANG_WARN_BLOCK_CAPTURE_AUTORELEASING = YES;
				CLANG_WARN_BOOL_CONVERSION = YES;
				CLANG_WARN_COMMA = YES;
				CLANG_WARN_CONSTANT_CONVERSION = YES;
				CLANG_WARN_DEPRECATED_OBJC_IMPLEMENTATIONS = YES;
				CLANG_WARN_DIRECT_OBJC_ISA_USAGE = YES_ERROR;
				CLANG_WARN_DOCUMENTATION_COMMENTS = YES;
				CLANG_WARN_EMPTY_BODY = YES;
				CLANG_WARN_ENUM_CONVERSION = YES;
				CLANG_WARN_INFINITE_RECURSION = YES;
				CLANG_WARN_INT_CONVERSION = YES;
				CLANG_WARN_NON_LITERAL_NULL_CONVERSION = YES;
				CLANG_WARN_OBJC_IMPLICIT_RETAIN_SELF = YES;
				CLANG_WARN_OBJC_LITERAL_CONVERSION = YES;
				CLANG_WARN_OBJC_ROOT_CLASS = YES_ERROR;
				CLANG_WARN_QUOTED_INCLUDE_IN_FRAMEWORK_HEADER = YES;
				CLANG_WARN_RANGE_LOOP_ANALYSIS = YES;
				CLANG_WARN_STRICT_PROTOTYPES = YES;
				CLANG_WARN_SUSPICIOUS_MOVE = YES;
				CLANG_WARN_UNGUARDED_AVAILABILITY = YES_AGGRESSIVE;
				CLANG_WARN_UNREACHABLE_CODE = YES;
				CLANG_WARN__DUPLICATE_METHOD_MATCH = YES;
				COPY_PHASE_STRIP = NO;
				DEBUG_INFORMATION_FORMAT = "dwarf-with-dsym";
				ENABLE_NS_ASSERTIONS = NO;
				ENABLE_STRICT_OBJC_MSGSEND = YES;
				GCC_C_LANGUAGE_STANDARD = gnu11;
				GCC_NO_COMMON_BLOCKS = YES;
				GCC_WARN_64_TO_32_BIT_CONVERSION = YES;
				GCC_WARN_ABOUT_RETURN_TYPE = YES_ERROR;
				GCC_WARN_UNDECLARED_SELECTOR = YES;
				GCC_WARN_UNINITIALIZED_AUTOS = YES_AGGRESSIVE;
				GCC_WARN_UNUSED_FUNCTION = YES;
				GCC_WARN_UNUSED_VARIABLE = YES;
				IPHONEOS_DEPLOYMENT_TARGET = 14.4;
				MTL_ENABLE_DEBUG_INFO = NO;
				MTL_FAST_MATH = YES;
				SDKROOT = iphoneos;
				SWIFT_COMPILATION_MODE = wholemodule;
				SWIFT_OPTIMIZATION_LEVEL = "-O";
				VALIDATE_PRODUCT = YES;
			};
			name = Release;
		};
		B4899B7E26054058003B7851 /* Debug */ = {
			isa = XCBuildConfiguration;
			buildSettings = {
				ASSETCATALOG_COMPILER_APPICON_NAME = AppIcon;
				ASSETCATALOG_COMPILER_GLOBAL_ACCENT_COLOR_NAME = AccentColor;
				CODE_SIGN_STYLE = Automatic;
				DEVELOPMENT_ASSET_PATHS = "\"Calculator/Preview Content\"";
				DEVELOPMENT_TEAM = PC5SP4V242;
				ENABLE_PREVIEWS = YES;
				INFOPLIST_FILE = Calculator/Info.plist;
				IPHONEOS_DEPLOYMENT_TARGET = 14.0;
				LD_RUNPATH_SEARCH_PATHS = (
					"$(inherited)",
					"@executable_path/Frameworks",
				);
				PRODUCT_BUNDLE_IDENTIFIER = com.picciano.Calculator;
				PRODUCT_NAME = "$(TARGET_NAME)";
				SWIFT_VERSION = 5.0;
				TARGETED_DEVICE_FAMILY = "1,2";
			};
			name = Debug;
		};
		B4899B7F26054058003B7851 /* Release */ = {
			isa = XCBuildConfiguration;
			buildSettings = {
				ASSETCATALOG_COMPILER_APPICON_NAME = AppIcon;
				ASSETCATALOG_COMPILER_GLOBAL_ACCENT_COLOR_NAME = AccentColor;
				CODE_SIGN_STYLE = Automatic;
				DEVELOPMENT_ASSET_PATHS = "\"Calculator/Preview Content\"";
				DEVELOPMENT_TEAM = PC5SP4V242;
				ENABLE_PREVIEWS = YES;
				INFOPLIST_FILE = Calculator/Info.plist;
				IPHONEOS_DEPLOYMENT_TARGET = 14.0;
				LD_RUNPATH_SEARCH_PATHS = (
					"$(inherited)",
					"@executable_path/Frameworks",
				);
				PRODUCT_BUNDLE_IDENTIFIER = com.picciano.Calculator;
				PRODUCT_NAME = "$(TARGET_NAME)";
				SWIFT_VERSION = 5.0;
				TARGETED_DEVICE_FAMILY = "1,2";
			};
			name = Release;
		};
/* End XCBuildConfiguration section */

/* Begin XCConfigurationList section */
		B4899B6926054057003B7851 /* Build configuration list for PBXProject "Calculator" */ = {
			isa = XCConfigurationList;
			buildConfigurations = (
				B4899B7B26054058003B7851 /* Debug */,
				B4899B7C26054058003B7851 /* Release */,
			);
			defaultConfigurationIsVisible = 0;
			defaultConfigurationName = Release;
		};
		B4899B7D26054058003B7851 /* Build configuration list for PBXNativeTarget "Calculator" */ = {
			isa = XCConfigurationList;
			buildConfigurations = (
				B4899B7E26054058003B7851 /* Debug */,
				B4899B7F26054058003B7851 /* Release */,
			);
			defaultConfigurationIsVisible = 0;
			defaultConfigurationName = Release;
		};
/* End XCConfigurationList section */
	};
	rootObject = B4899B6626054057003B7851 /* Project object */;
}
